// !$*UTF8*$!
{
	archiveVersion = 1;
	classes = {
	};
	objectVersion = 46;
	objects = {

/* Begin PBXBuildFile section */
		BDA78C2418FA66F0005A15E5 /* Card.m in Sources */ = {isa = PBXBuildFile; fileRef = BDA78C2318FA66F0005A15E5 /* Card.m */; };
		BDA78C2818FA6760005A15E5 /* Deck.m in Sources */ = {isa = PBXBuildFile; fileRef = BDA78C2718FA6760005A15E5 /* Deck.m */; };
		BDA78C2B18FA6781005A15E5 /* PlayingCard.m in Sources */ = {isa = PBXBuildFile; fileRef = BDA78C2A18FA6781005A15E5 /* PlayingCard.m */; };
		BDA78C2E18FA67A5005A15E5 /* PlayingCardDeck.m in Sources */ = {isa = PBXBuildFile; fileRef = BDA78C2D18FA67A5005A15E5 /* PlayingCardDeck.m */; };
		BDB937BB18F9923700C8DD05 /* Foundation.framework in Frameworks */ = {isa = PBXBuildFile; fileRef = BDB937BA18F9923600C8DD05 /* Foundation.framework */; };
		BDB937BD18F9923700C8DD05 /* CoreGraphics.framework in Frameworks */ = {isa = PBXBuildFile; fileRef = BDB937BC18F9923700C8DD05 /* CoreGraphics.framework */; };
		BDB937BF18F9923700C8DD05 /* UIKit.framework in Frameworks */ = {isa = PBXBuildFile; fileRef = BDB937BE18F9923700C8DD05 /* UIKit.framework */; };
		BDB937C518F9923700C8DD05 /* InfoPlist.strings in Resources */ = {isa = PBXBuildFile; fileRef = BDB937C318F9923700C8DD05 /* InfoPlist.strings */; };
		BDB937C718F9923700C8DD05 /* main.m in Sources */ = {isa = PBXBuildFile; fileRef = BDB937C618F9923700C8DD05 /* main.m */; };
		BDB937CB18F9923700C8DD05 /* NaukriAppDelegate.m in Sources */ = {isa = PBXBuildFile; fileRef = BDB937CA18F9923700C8DD05 /* NaukriAppDelegate.m */; };
		BDB937CE18F9923700C8DD05 /* Main.storyboard in Resources */ = {isa = PBXBuildFile; fileRef = BDB937CC18F9923700C8DD05 /* Main.storyboard */; };
		BDB937D118F9923700C8DD05 /* NaukriViewController.m in Sources */ = {isa = PBXBuildFile; fileRef = BDB937D018F9923700C8DD05 /* NaukriViewController.m */; };
		BDB937D318F9923700C8DD05 /* Images.xcassets in Resources */ = {isa = PBXBuildFile; fileRef = BDB937D218F9923700C8DD05 /* Images.xcassets */; };
		BDB937DA18F9923700C8DD05 /* XCTest.framework in Frameworks */ = {isa = PBXBuildFile; fileRef = BDB937D918F9923700C8DD05 /* XCTest.framework */; };
		BDB937DB18F9923700C8DD05 /* Foundation.framework in Frameworks */ = {isa = PBXBuildFile; fileRef = BDB937BA18F9923600C8DD05 /* Foundation.framework */; };
		BDB937DC18F9923700C8DD05 /* UIKit.framework in Frameworks */ = {isa = PBXBuildFile; fileRef = BDB937BE18F9923700C8DD05 /* UIKit.framework */; };
		BDB937E418F9923700C8DD05 /* InfoPlist.strings in Resources */ = {isa = PBXBuildFile; fileRef = BDB937E218F9923700C8DD05 /* InfoPlist.strings */; };
		BDB937E618F9923700C8DD05 /* MatchismoTests.m in Sources */ = {isa = PBXBuildFile; fileRef = BDB937E518F9923700C8DD05 /* MatchismoTests.m */; };
/* End PBXBuildFile section */

/* Begin PBXContainerItemProxy section */
		BDB937DD18F9923700C8DD05 /* PBXContainerItemProxy */ = {
			isa = PBXContainerItemProxy;
			containerPortal = BDB937AF18F9923600C8DD05 /* Project object */;
			proxyType = 1;
			remoteGlobalIDString = BDB937B618F9923600C8DD05;
			remoteInfo = Matchismo;
		};
/* End PBXContainerItemProxy section */

/* Begin PBXFileReference section */
		BDA78C2218FA66F0005A15E5 /* Card.h */ = {isa = PBXFileReference; fileEncoding = 4; lastKnownFileType = sourcecode.c.h; name = Card.h; path = Model/Card.h; sourceTree = "<group>"; };
		BDA78C2318FA66F0005A15E5 /* Card.m */ = {isa = PBXFileReference; fileEncoding = 4; lastKnownFileType = sourcecode.c.objc; name = Card.m; path = Model/Card.m; sourceTree = "<group>"; };
		BDA78C2618FA6760005A15E5 /* Deck.h */ = {isa = PBXFileReference; fileEncoding = 4; lastKnownFileType = sourcecode.c.h; name = Deck.h; path = Model/Deck.h; sourceTree = "<group>"; };
		BDA78C2718FA6760005A15E5 /* Deck.m */ = {isa = PBXFileReference; fileEncoding = 4; lastKnownFileType = sourcecode.c.objc; name = Deck.m; path = Model/Deck.m; sourceTree = "<group>"; };
		BDA78C2918FA6781005A15E5 /* PlayingCard.h */ = {isa = PBXFileReference; fileEncoding = 4; lastKnownFileType = sourcecode.c.h; name = PlayingCard.h; path = Model/PlayingCard.h; sourceTree = "<group>"; };
		BDA78C2A18FA6781005A15E5 /* PlayingCard.m */ = {isa = PBXFileReference; fileEncoding = 4; lastKnownFileType = sourcecode.c.objc; name = PlayingCard.m; path = Model/PlayingCard.m; sourceTree = "<group>"; };
		BDA78C2C18FA67A5005A15E5 /* PlayingCardDeck.h */ = {isa = PBXFileReference; fileEncoding = 4; lastKnownFileType = sourcecode.c.h; name = PlayingCardDeck.h; path = Model/PlayingCardDeck.h; sourceTree = "<group>"; };
		BDA78C2D18FA67A5005A15E5 /* PlayingCardDeck.m */ = {isa = PBXFileReference; fileEncoding = 4; lastKnownFileType = sourcecode.c.objc; name = PlayingCardDeck.m; path = Model/PlayingCardDeck.m; sourceTree = "<group>"; };
		BDB937B718F9923600C8DD05 /* Matchismo.app */ = {isa = PBXFileReference; explicitFileType = wrapper.application; includeInIndex = 0; path = Matchismo.app; sourceTree = BUILT_PRODUCTS_DIR; };
		BDB937BA18F9923600C8DD05 /* Foundation.framework */ = {isa = PBXFileReference; lastKnownFileType = wrapper.framework; name = Foundation.framework; path = System/Library/Frameworks/Foundation.framework; sourceTree = SDKROOT; };
		BDB937BC18F9923700C8DD05 /* CoreGraphics.framework */ = {isa = PBXFileReference; lastKnownFileType = wrapper.framework; name = CoreGraphics.framework; path = System/Library/Frameworks/CoreGraphics.framework; sourceTree = SDKROOT; };
		BDB937BE18F9923700C8DD05 /* UIKit.framework */ = {isa = PBXFileReference; lastKnownFileType = wrapper.framework; name = UIKit.framework; path = System/Library/Frameworks/UIKit.framework; sourceTree = SDKROOT; };
		BDB937C218F9923700C8DD05 /* Matchismo-Info.plist */ = {isa = PBXFileReference; lastKnownFileType = text.plist.xml; path = "Matchismo-Info.plist"; sourceTree = "<group>"; };
		BDB937C418F9923700C8DD05 /* en */ = {isa = PBXFileReference; lastKnownFileType = text.plist.strings; name = en; path = en.lproj/InfoPlist.strings; sourceTree = "<group>"; };
		BDB937C618F9923700C8DD05 /* main.m */ = {isa = PBXFileReference; lastKnownFileType = sourcecode.c.objc; path = main.m; sourceTree = "<group>"; };
		BDB937C818F9923700C8DD05 /* Matchismo-Prefix.pch */ = {isa = PBXFileReference; lastKnownFileType = sourcecode.c.h; path = "Matchismo-Prefix.pch"; sourceTree = "<group>"; };
		BDB937C918F9923700C8DD05 /* NaukriAppDelegate.h */ = {isa = PBXFileReference; lastKnownFileType = sourcecode.c.h; path = NaukriAppDelegate.h; sourceTree = "<group>"; };
		BDB937CA18F9923700C8DD05 /* NaukriAppDelegate.m */ = {isa = PBXFileReference; lastKnownFileType = sourcecode.c.objc; path = NaukriAppDelegate.m; sourceTree = "<group>"; };
		BDB937CD18F9923700C8DD05 /* Base */ = {isa = PBXFileReference; lastKnownFileType = file.storyboard; name = Base; path = Base.lproj/Main.storyboard; sourceTree = "<group>"; };
		BDB937CF18F9923700C8DD05 /* NaukriViewController.h */ = {isa = PBXFileReference; lastKnownFileType = sourcecode.c.h; path = NaukriViewController.h; sourceTree = "<group>"; };
		BDB937D018F9923700C8DD05 /* NaukriViewController.m */ = {isa = PBXFileReference; lastKnownFileType = sourcecode.c.objc; path = NaukriViewController.m; sourceTree = "<group>"; };
		BDB937D218F9923700C8DD05 /* Images.xcassets */ = {isa = PBXFileReference; lastKnownFileType = folder.assetcatalog; path = Images.xcassets; sourceTree = "<group>"; };
		BDB937D818F9923700C8DD05 /* MatchismoTests.xctest */ = {isa = PBXFileReference; explicitFileType = wrapper.cfbundle; includeInIndex = 0; path = MatchismoTests.xctest; sourceTree = BUILT_PRODUCTS_DIR; };
		BDB937D918F9923700C8DD05 /* XCTest.framework */ = {isa = PBXFileReference; lastKnownFileType = wrapper.framework; name = XCTest.framework; path = Library/Frameworks/XCTest.framework; sourceTree = DEVELOPER_DIR; };
		BDB937E118F9923700C8DD05 /* MatchismoTests-Info.plist */ = {isa = PBXFileReference; lastKnownFileType = text.plist.xml; path = "MatchismoTests-Info.plist"; sourceTree = "<group>"; };
		BDB937E318F9923700C8DD05 /* en */ = {isa = PBXFileReference; lastKnownFileType = text.plist.strings; name = en; path = en.lproj/InfoPlist.strings; sourceTree = "<group>"; };
		BDB937E518F9923700C8DD05 /* MatchismoTests.m */ = {isa = PBXFileReference; lastKnownFileType = sourcecode.c.objc; path = MatchismoTests.m; sourceTree = "<group>"; };
/* End PBXFileReference section */

/* Begin PBXFrameworksBuildPhase section */
		BDB937B418F9923600C8DD05 /* Frameworks */ = {
			isa = PBXFrameworksBuildPhase;
			buildActionMask = 2147483647;
			files = (
				BDB937BD18F9923700C8DD05 /* CoreGraphics.framework in Frameworks */,
				BDB937BF18F9923700C8DD05 /* UIKit.framework in Frameworks */,
				BDB937BB18F9923700C8DD05 /* Foundation.framework in Frameworks */,
			);
			runOnlyForDeploymentPostprocessing = 0;
		};
		BDB937D518F9923700C8DD05 /* Frameworks */ = {
			isa = PBXFrameworksBuildPhase;
			buildActionMask = 2147483647;
			files = (
				BDB937DA18F9923700C8DD05 /* XCTest.framework in Frameworks */,
				BDB937DC18F9923700C8DD05 /* UIKit.framework in Frameworks */,
				BDB937DB18F9923700C8DD05 /* Foundation.framework in Frameworks */,
			);
			runOnlyForDeploymentPostprocessing = 0;
		};
/* End PBXFrameworksBuildPhase section */

/* Begin PBXGroup section */
		BDA78C2518FA672A005A15E5 /* Model */ = {
			isa = PBXGroup;
			children = (
				BDA78C2218FA66F0005A15E5 /* Card.h */,
				BDA78C2318FA66F0005A15E5 /* Card.m */,
				BDA78C2618FA6760005A15E5 /* Deck.h */,
				BDA78C2718FA6760005A15E5 /* Deck.m */,
				BDA78C2918FA6781005A15E5 /* PlayingCard.h */,
				BDA78C2A18FA6781005A15E5 /* PlayingCard.m */,
				BDA78C2C18FA67A5005A15E5 /* PlayingCardDeck.h */,
				BDA78C2D18FA67A5005A15E5 /* PlayingCardDeck.m */,
			);
			name = Model;
			sourceTree = "<group>";
		};
		BDB937AE18F9923600C8DD05 = {
			isa = PBXGroup;
			children = (
				BDB937C018F9923700C8DD05 /* Matchismo */,
				BDB937DF18F9923700C8DD05 /* MatchismoTests */,
				BDB937B918F9923600C8DD05 /* Frameworks */,
				BDB937B818F9923600C8DD05 /* Products */,
			);
			sourceTree = "<group>";
		};
		BDB937B818F9923600C8DD05 /* Products */ = {
			isa = PBXGroup;
			children = (
				BDB937B718F9923600C8DD05 /* Matchismo.app */,
				BDB937D818F9923700C8DD05 /* MatchismoTests.xctest */,
			);
			name = Products;
			sourceTree = "<group>";
		};
		BDB937B918F9923600C8DD05 /* Frameworks */ = {
			isa = PBXGroup;
			children = (
				BDB937BA18F9923600C8DD05 /* Foundation.framework */,
				BDB937BC18F9923700C8DD05 /* CoreGraphics.framework */,
				BDB937BE18F9923700C8DD05 /* UIKit.framework */,
				BDB937D918F9923700C8DD05 /* XCTest.framework */,
			);
			name = Frameworks;
			sourceTree = "<group>";
		};
		BDB937C018F9923700C8DD05 /* Matchismo */ = {
			isa = PBXGroup;
			children = (
				BDB937CC18F9923700C8DD05 /* Main.storyboard */,
				BDA78C2518FA672A005A15E5 /* Model */,
				BDB937CF18F9923700C8DD05 /* NaukriViewController.h */,
				BDB937D018F9923700C8DD05 /* NaukriViewController.m */,
				BDB937D218F9923700C8DD05 /* Images.xcassets */,
				BDB937C118F9923700C8DD05 /* Supporting Files */,
			);
			path = Matchismo;
			sourceTree = "<group>";
		};
		BDB937C118F9923700C8DD05 /* Supporting Files */ = {
			isa = PBXGroup;
			children = (
				BDB937C918F9923700C8DD05 /* NaukriAppDelegate.h */,
				BDB937CA18F9923700C8DD05 /* NaukriAppDelegate.m */,
				BDB937C218F9923700C8DD05 /* Matchismo-Info.plist */,
				BDB937C318F9923700C8DD05 /* InfoPlist.strings */,
				BDB937C618F9923700C8DD05 /* main.m */,
				BDB937C818F9923700C8DD05 /* Matchismo-Prefix.pch */,
			);
			name = "Supporting Files";
			sourceTree = "<group>";
		};
		BDB937DF18F9923700C8DD05 /* MatchismoTests */ = {
			isa = PBXGroup;
			children = (
				BDB937E518F9923700C8DD05 /* MatchismoTests.m */,
				BDB937E018F9923700C8DD05 /* Supporting Files */,
			);
			path = MatchismoTests;
			sourceTree = "<group>";
		};
		BDB937E018F9923700C8DD05 /* Supporting Files */ = {
			isa = PBXGroup;
			children = (
				BDB937E118F9923700C8DD05 /* MatchismoTests-Info.plist */,
				BDB937E218F9923700C8DD05 /* InfoPlist.strings */,
			);
			name = "Supporting Files";
			sourceTree = "<group>";
		};
/* End PBXGroup section */

/* Begin PBXNativeTarget section */
		BDB937B618F9923600C8DD05 /* Matchismo */ = {
			isa = PBXNativeTarget;
			buildConfigurationList = BDB937E918F9923700C8DD05 /* Build configuration list for PBXNativeTarget "Matchismo" */;
			buildPhases = (
				BDB937B318F9923600C8DD05 /* Sources */,
				BDB937B418F9923600C8DD05 /* Frameworks */,
				BDB937B518F9923600C8DD05 /* Resources */,
			);
			buildRules = (
			);
			dependencies = (
			);
			name = Matchismo;
			productName = Matchismo;
			productReference = BDB937B718F9923600C8DD05 /* Matchismo.app */;
			productType = "com.apple.product-type.application";
		};
		BDB937D718F9923700C8DD05 /* MatchismoTests */ = {
			isa = PBXNativeTarget;
			buildConfigurationList = BDB937EC18F9923700C8DD05 /* Build configuration list for PBXNativeTarget "MatchismoTests" */;
			buildPhases = (
				BDB937D418F9923700C8DD05 /* Sources */,
				BDB937D518F9923700C8DD05 /* Frameworks */,
				BDB937D618F9923700C8DD05 /* Resources */,
			);
			buildRules = (
			);
			dependencies = (
				BDB937DE18F9923700C8DD05 /* PBXTargetDependency */,
			);
			name = MatchismoTests;
			productName = MatchismoTests;
			productReference = BDB937D818F9923700C8DD05 /* MatchismoTests.xctest */;
			productType = "com.apple.product-type.bundle.unit-test";
		};
/* End PBXNativeTarget section */

/* Begin PBXProject section */
		BDB937AF18F9923600C8DD05 /* Project object */ = {
			isa = PBXProject;
			attributes = {
				CLASSPREFIX = Naukri;
				LastUpgradeCheck = 0510;
				ORGANIZATIONNAME = naukri;
				TargetAttributes = {
					BDB937D718F9923700C8DD05 = {
						TestTargetID = BDB937B618F9923600C8DD05;
					};
				};
			};
			buildConfigurationList = BDB937B218F9923600C8DD05 /* Build configuration list for PBXProject "Matchismo" */;
			compatibilityVersion = "Xcode 3.2";
			developmentRegion = English;
			hasScannedForEncodings = 0;
			knownRegions = (
				en,
				Base,
			);
			mainGroup = BDB937AE18F9923600C8DD05;
			productRefGroup = BDB937B818F9923600C8DD05 /* Products */;
			projectDirPath = "";
			projectRoot = "";
			targets = (
				BDB937B618F9923600C8DD05 /* Matchismo */,
				BDB937D718F9923700C8DD05 /* MatchismoTests */,
			);
		};
/* End PBXProject section */

/* Begin PBXResourcesBuildPhase section */
		BDB937B518F9923600C8DD05 /* Resources */ = {
			isa = PBXResourcesBuildPhase;
			buildActionMask = 2147483647;
			files = (
				BDB937D318F9923700C8DD05 /* Images.xcassets in Resources */,
				BDB937C518F9923700C8DD05 /* InfoPlist.strings in Resources */,
				BDB937CE18F9923700C8DD05 /* Main.storyboard in Resources */,
			);
			runOnlyForDeploymentPostprocessing = 0;
		};
		BDB937D618F9923700C8DD05 /* Resources */ = {
			isa = PBXResourcesBuildPhase;
			buildActionMask = 2147483647;
			files = (
				BDB937E418F9923700C8DD05 /* InfoPlist.strings in Resources */,
			);
			runOnlyForDeploymentPostprocessing = 0;
		};
/* End PBXResourcesBuildPhase section */

/* Begin PBXSourcesBuildPhase section */
		BDB937B318F9923600C8DD05 /* Sources */ = {
			isa = PBXSourcesBuildPhase;
			buildActionMask = 2147483647;
			files = (
				BDA78C2B18FA6781005A15E5 /* PlayingCard.m in Sources */,
				BDA78C2818FA6760005A15E5 /* Deck.m in Sources */,
				BDB937D118F9923700C8DD05 /* NaukriViewController.m in Sources */,
				BDB937CB18F9923700C8DD05 /* NaukriAppDelegate.m in Sources */,
				BDA78C2E18FA67A5005A15E5 /* PlayingCardDeck.m in Sources */,
				BDB937C718F9923700C8DD05 /* main.m in Sources */,
				BDA78C2418FA66F0005A15E5 /* Card.m in Sources */,
			);
			runOnlyForDeploymentPostprocessing = 0;
		};
		BDB937D418F9923700C8DD05 /* Sources */ = {
			isa = PBXSourcesBuildPhase;
			buildActionMask = 2147483647;
			files = (
				BDB937E618F9923700C8DD05 /* MatchismoTests.m in Sources */,
			);
			runOnlyForDeploymentPostprocessing = 0;
		};
/* End PBXSourcesBuildPhase section */

/* Begin PBXTargetDependency section */
		BDB937DE18F9923700C8DD05 /* PBXTargetDependency */ = {
			isa = PBXTargetDependency;
			target = BDB937B618F9923600C8DD05 /* Matchismo */;
			targetProxy = BDB937DD18F9923700C8DD05 /* PBXContainerItemProxy */;
		};
/* End PBXTargetDependency section */

/* Begin PBXVariantGroup section */
		BDB937C318F9923700C8DD05 /* InfoPlist.strings */ = {
			isa = PBXVariantGroup;
			children = (
				BDB937C418F9923700C8DD05 /* en */,
			);
			name = InfoPlist.strings;
			sourceTree = "<group>";
		};
		BDB937CC18F9923700C8DD05 /* Main.storyboard */ = {
			isa = PBXVariantGroup;
			children = (
				BDB937CD18F9923700C8DD05 /* Base */,
			);
			name = Main.storyboard;
			sourceTree = "<group>";
		};
		BDB937E218F9923700C8DD05 /* InfoPlist.strings */ = {
			isa = PBXVariantGroup;
			children = (
				BDB937E318F9923700C8DD05 /* en */,
			);
			name = InfoPlist.strings;
			sourceTree = "<group>";
		};
/* End PBXVariantGroup section */

/* Begin XCBuildConfiguration section */
		BDB937E718F9923700C8DD05 /* Debug */ = {
			isa = XCBuildConfiguration;
			buildSettings = {
				ALWAYS_SEARCH_USER_PATHS = NO;
				CLANG_CXX_LANGUAGE_STANDARD = "gnu++0x";
				CLANG_CXX_LIBRARY = "libc++";
				CLANG_ENABLE_MODULES = YES;
				CLANG_ENABLE_OBJC_ARC = YES;
				CLANG_WARN_BOOL_CONVERSION = YES;
				CLANG_WARN_CONSTANT_CONVERSION = YES;
				CLANG_WARN_DIRECT_OBJC_ISA_USAGE = YES_ERROR;
				CLANG_WARN_EMPTY_BODY = YES;
				CLANG_WARN_ENUM_CONVERSION = YES;
				CLANG_WARN_INT_CONVERSION = YES;
				CLANG_WARN_OBJC_ROOT_CLASS = YES_ERROR;
				CLANG_WARN__DUPLICATE_METHOD_MATCH = YES;
				"CODE_SIGN_IDENTITY[sdk=iphoneos*]" = "iPhone Developer";
				COPY_PHASE_STRIP = NO;
				GCC_C_LANGUAGE_STANDARD = gnu99;
				GCC_DYNAMIC_NO_PIC = NO;
				GCC_OPTIMIZATION_LEVEL = 0;
				GCC_PREPROCESSOR_DEFINITIONS = (
					"DEBUG=1",
					"$(inherited)",
				);
				GCC_SYMBOLS_PRIVATE_EXTERN = NO;
				GCC_WARN_64_TO_32_BIT_CONVERSION = YES;
				GCC_WARN_ABOUT_RETURN_TYPE = YES_ERROR;
				GCC_WARN_UNDECLARED_SELECTOR = YES;
				GCC_WARN_UNINITIALIZED_AUTOS = YES_AGGRESSIVE;
				GCC_WARN_UNUSED_FUNCTION = YES;
				GCC_WARN_UNUSED_VARIABLE = YES;
				IPHONEOS_DEPLOYMENT_TARGET = 7.1;
				ONLY_ACTIVE_ARCH = YES;
				SDKROOT = iphoneos;
			};
			name = Debug;
		};
		BDB937E818F9923700C8DD05 /* Release */ = {
			isa = XCBuildConfiguration;
			buildSettings = {
				ALWAYS_SEARCH_USER_PATHS = NO;
				CLANG_CXX_LANGUAGE_STANDARD = "gnu++0x";
				CLANG_CXX_LIBRARY = "libc++";
				CLANG_ENABLE_MODULES = YES;
				CLANG_ENABLE_OBJC_ARC = YES;
				CLANG_WARN_BOOL_CONVERSION = YES;
				CLANG_WARN_CONSTANT_CONVERSION = YES;
				CLANG_WARN_DIRECT_OBJC_ISA_USAGE = YES_ERROR;
				CLANG_WARN_EMPTY_BODY = YES;
				CLANG_WARN_ENUM_CONVERSION = YES;
				CLANG_WARN_INT_CONVERSION = YES;
				CLANG_WARN_OBJC_ROOT_CLASS = YES_ERROR;
				CLANG_WARN__DUPLICATE_METHOD_MATCH = YES;
				"CODE_SIGN_IDENTITY[sdk=iphoneos*]" = "iPhone Developer";
				COPY_PHASE_STRIP = YES;
				ENABLE_NS_ASSERTIONS = NO;
				GCC_C_LANGUAGE_STANDARD = gnu99;
				GCC_WARN_64_TO_32_BIT_CONVERSION = YES;
				GCC_WARN_ABOUT_RETURN_TYPE = YES_ERROR;
				GCC_WARN_UNDECLARED_SELECTOR = YES;
				GCC_WARN_UNINITIALIZED_AUTOS = YES_AGGRESSIVE;
				GCC_WARN_UNUSED_FUNCTION = YES;
				GCC_WARN_UNUSED_VARIABLE = YES;
				IPHONEOS_DEPLOYMENT_TARGET = 7.1;
				SDKROOT = iphoneos;
				VALIDATE_PRODUCT = YES;
			};
			name = Release;
		};
		BDB937EA18F9923700C8DD05 /* Debug */ = {
			isa = XCBuildConfiguration;
			buildSettings = {
				ASSETCATALOG_COMPILER_APPICON_NAME = AppIcon;
				ASSETCATALOG_COMPILER_LAUNCHIMAGE_NAME = LaunchImage;
				GCC_PRECOMPILE_PREFIX_HEADER = YES;
				GCC_PREFIX_HEADER = "Matchismo/Matchismo-Prefix.pch";
				INFOPLIST_FILE = "Matchismo/Matchismo-Info.plist";
				IPHONEOS_DEPLOYMENT_TARGET = 6.1;
				PRODUCT_NAME = "$(TARGET_NAME)";
				TARGETED_DEVICE_FAMILY = 1;
				WRAPPER_EXTENSION = app;
			};
			name = Debug;
		};
		BDB937EB18F9923700C8DD05 /* Release */ = {
			isa = XCBuildConfiguration;
			buildSettings = {
				ASSETCATALOG_COMPILER_APPICON_NAME = AppIcon;
				ASSETCATALOG_COMPILER_LAUNCHIMAGE_NAME = LaunchImage;
				GCC_PRECOMPILE_PREFIX_HEADER = YES;
				GCC_PREFIX_HEADER = "Matchismo/Matchismo-Prefix.pch";
				INFOPLIST_FILE = "Matchismo/Matchismo-Info.plist";
				IPHONEOS_DEPLOYMENT_TARGET = 6.1;
				PRODUCT_NAME = "$(TARGET_NAME)";
				TARGETED_DEVICE_FAMILY = 1;
				WRAPPER_EXTENSION = app;
			};
			name = Release;
		};
		BDB937ED18F9923700C8DD05 /* Debug */ = {
			isa = XCBuildConfiguration;
			buildSettings = {
				BUNDLE_LOADER = "$(BUILT_PRODUCTS_DIR)/Matchismo.app/Matchismo";
				FRAMEWORK_SEARCH_PATHS = (
					"$(SDKROOT)/Developer/Library/Frameworks",
					"$(inherited)",
					"$(DEVELOPER_FRAMEWORKS_DIR)",
				);
				GCC_PRECOMPILE_PREFIX_HEADER = YES;
				GCC_PREFIX_HEADER = "Matchismo/Matchismo-Prefix.pch";
				GCC_PREPROCESSOR_DEFINITIONS = (
					"DEBUG=1",
					"$(inherited)",
				);
				INFOPLIST_FILE = "MatchismoTests/MatchismoTests-Info.plist";
				PRODUCT_NAME = "$(TARGET_NAME)";
				TEST_HOST = "$(BUNDLE_LOADER)";
				WRAPPER_EXTENSION = xctest;
			};
			name = Debug;
		};
		BDB937EE18F9923700C8DD05 /* Release */ = {
			isa = XCBuildConfiguration;
			buildSettings = {
				BUNDLE_LOADER = "$(BUILT_PRODUCTS_DIR)/Matchismo.app/Matchismo";
				FRAMEWORK_SEARCH_PATHS = (
					"$(SDKROOT)/Developer/Library/Frameworks",
					"$(inherited)",
					"$(DEVELOPER_FRAMEWORKS_DIR)",
				);
				GCC_PRECOMPILE_PREFIX_HEADER = YES;
				GCC_PREFIX_HEADER = "Matchismo/Matchismo-Prefix.pch";
				INFOPLIST_FILE = "MatchismoTests/MatchismoTests-Info.plist";
				PRODUCT_NAME = "$(TARGET_NAME)";
				TEST_HOST = "$(BUNDLE_LOADER)";
				WRAPPER_EXTENSION = xctest;
			};
			name = Release;
		};
/* End XCBuildConfiguration section */

/* Begin XCConfigurationList section */
		BDB937B218F9923600C8DD05 /* Build configuration list for PBXProject "Matchismo" */ = {
			isa = XCConfigurationList;
			buildConfigurations = (
				BDB937E718F9923700C8DD05 /* Debug */,
				BDB937E818F9923700C8DD05 /* Release */,
			);
			defaultConfigurationIsVisible = 0;
			defaultConfigurationName = Release;
		};
		BDB937E918F9923700C8DD05 /* Build configuration list for PBXNativeTarget "Matchismo" */ = {
			isa = XCConfigurationList;
			buildConfigurations = (
				BDB937EA18F9923700C8DD05 /* Debug */,
				BDB937EB18F9923700C8DD05 /* Release */,
			);
			defaultConfigurationIsVisible = 0;
			defaultConfigurationName = Release;
		};
		BDB937EC18F9923700C8DD05 /* Build configuration list for PBXNativeTarget "MatchismoTests" */ = {
			isa = XCConfigurationList;
			buildConfigurations = (
				BDB937ED18F9923700C8DD05 /* Debug */,
				BDB937EE18F9923700C8DD05 /* Release */,
			);
			defaultConfigurationIsVisible = 0;
			defaultConfigurationName = Release;
		};
/* End XCConfigurationList section */
	};
	rootObject = BDB937AF18F9923600C8DD05 /* Project object */;
}
