// !$*UTF8*$!
{
	archiveVersion = 1;
	classes = {
	};
	objectVersion = 46;
	objects = {

/* Begin PBXBuildFile section */
		BD38ECD618F577DE00A05D78 /* Cocoa.framework in Frameworks */ = {isa = PBXBuildFile; fileRef = BD38ECD518F577DE00A05D78 /* Cocoa.framework */; };
		BD38ECE018F577DE00A05D78 /* InfoPlist.strings in Resources */ = {isa = PBXBuildFile; fileRef = BD38ECDE18F577DE00A05D78 /* InfoPlist.strings */; };
		BD38ECE218F577DE00A05D78 /* main.m in Sources */ = {isa = PBXBuildFile; fileRef = BD38ECE118F577DE00A05D78 /* main.m */; };
		BD38ECE618F577DE00A05D78 /* Credits.rtf in Resources */ = {isa = PBXBuildFile; fileRef = BD38ECE418F577DE00A05D78 /* Credits.rtf */; };
		BD38ECE918F577DE00A05D78 /* NaukriAppDelegate.m in Sources */ = {isa = PBXBuildFile; fileRef = BD38ECE818F577DE00A05D78 /* NaukriAppDelegate.m */; };
		BD38ECEC18F577DE00A05D78 /* MainMenu.xib in Resources */ = {isa = PBXBuildFile; fileRef = BD38ECEA18F577DE00A05D78 /* MainMenu.xib */; };
		BD38ECEE18F577DE00A05D78 /* Images.xcassets in Resources */ = {isa = PBXBuildFile; fileRef = BD38ECED18F577DE00A05D78 /* Images.xcassets */; };
		BD38ECF518F577DE00A05D78 /* XCTest.framework in Frameworks */ = {isa = PBXBuildFile; fileRef = BD38ECF418F577DE00A05D78 /* XCTest.framework */; };
		BD38ECF618F577DE00A05D78 /* Cocoa.framework in Frameworks */ = {isa = PBXBuildFile; fileRef = BD38ECD518F577DE00A05D78 /* Cocoa.framework */; };
		BD38ECFE18F577DE00A05D78 /* InfoPlist.strings in Resources */ = {isa = PBXBuildFile; fileRef = BD38ECFC18F577DE00A05D78 /* InfoPlist.strings */; };
		BD38ED0018F577DE00A05D78 /* HelloWorldScratchTests.m in Sources */ = {isa = PBXBuildFile; fileRef = BD38ECFF18F577DE00A05D78 /* HelloWorldScratchTests.m */; };
/* End PBXBuildFile section */

/* Begin PBXContainerItemProxy section */
		BD38ECF718F577DE00A05D78 /* PBXContainerItemProxy */ = {
			isa = PBXContainerItemProxy;
			containerPortal = BD38ECC718F5733200A05D78 /* Project object */;
			proxyType = 1;
			remoteGlobalIDString = BD38ECD118F577DE00A05D78;
			remoteInfo = HelloWorldScratch;
		};
/* End PBXContainerItemProxy section */

/* Begin PBXFileReference section */
		BD38ECCD18F573DB00A05D78 /* main.m */ = {isa = PBXFileReference; lastKnownFileType = sourcecode.c.objc; path = main.m; sourceTree = "<group>"; };
		BD38ECD218F577DE00A05D78 /* HelloWorldScratch.app */ = {isa = PBXFileReference; explicitFileType = wrapper.application; includeInIndex = 0; path = HelloWorldScratch.app; sourceTree = BUILT_PRODUCTS_DIR; };
		BD38ECD518F577DE00A05D78 /* Cocoa.framework */ = {isa = PBXFileReference; lastKnownFileType = wrapper.framework; name = Cocoa.framework; path = System/Library/Frameworks/Cocoa.framework; sourceTree = SDKROOT; };
		BD38ECD818F577DE00A05D78 /* AppKit.framework */ = {isa = PBXFileReference; lastKnownFileType = wrapper.framework; name = AppKit.framework; path = System/Library/Frameworks/AppKit.framework; sourceTree = SDKROOT; };
		BD38ECD918F577DE00A05D78 /* CoreData.framework */ = {isa = PBXFileReference; lastKnownFileType = wrapper.framework; name = CoreData.framework; path = System/Library/Frameworks/CoreData.framework; sourceTree = SDKROOT; };
		BD38ECDA18F577DE00A05D78 /* Foundation.framework */ = {isa = PBXFileReference; lastKnownFileType = wrapper.framework; name = Foundation.framework; path = System/Library/Frameworks/Foundation.framework; sourceTree = SDKROOT; };
		BD38ECDD18F577DE00A05D78 /* HelloWorldScratch-Info.plist */ = {isa = PBXFileReference; lastKnownFileType = text.plist.xml; path = "HelloWorldScratch-Info.plist"; sourceTree = "<group>"; };
		BD38ECDF18F577DE00A05D78 /* en */ = {isa = PBXFileReference; lastKnownFileType = text.plist.strings; name = en; path = en.lproj/InfoPlist.strings; sourceTree = "<group>"; };
		BD38ECE118F577DE00A05D78 /* main.m */ = {isa = PBXFileReference; lastKnownFileType = sourcecode.c.objc; path = main.m; sourceTree = "<group>"; };
		BD38ECE318F577DE00A05D78 /* HelloWorldScratch-Prefix.pch */ = {isa = PBXFileReference; lastKnownFileType = sourcecode.c.h; path = "HelloWorldScratch-Prefix.pch"; sourceTree = "<group>"; };
		BD38ECE518F577DE00A05D78 /* en */ = {isa = PBXFileReference; lastKnownFileType = text.rtf; name = en; path = en.lproj/Credits.rtf; sourceTree = "<group>"; };
		BD38ECE718F577DE00A05D78 /* NaukriAppDelegate.h */ = {isa = PBXFileReference; lastKnownFileType = sourcecode.c.h; path = NaukriAppDelegate.h; sourceTree = "<group>"; };
		BD38ECE818F577DE00A05D78 /* NaukriAppDelegate.m */ = {isa = PBXFileReference; lastKnownFileType = sourcecode.c.objc; path = NaukriAppDelegate.m; sourceTree = "<group>"; };
		BD38ECEB18F577DE00A05D78 /* Base */ = {isa = PBXFileReference; lastKnownFileType = file.xib; name = Base; path = Base.lproj/MainMenu.xib; sourceTree = "<group>"; };
		BD38ECED18F577DE00A05D78 /* Images.xcassets */ = {isa = PBXFileReference; lastKnownFileType = folder.assetcatalog; path = Images.xcassets; sourceTree = "<group>"; };
		BD38ECF318F577DE00A05D78 /* HelloWorldScratchTests.xctest */ = {isa = PBXFileReference; explicitFileType = wrapper.cfbundle; includeInIndex = 0; path = HelloWorldScratchTests.xctest; sourceTree = BUILT_PRODUCTS_DIR; };
		BD38ECF418F577DE00A05D78 /* XCTest.framework */ = {isa = PBXFileReference; lastKnownFileType = wrapper.framework; name = XCTest.framework; path = Library/Frameworks/XCTest.framework; sourceTree = DEVELOPER_DIR; };
		BD38ECFB18F577DE00A05D78 /* HelloWorldScratchTests-Info.plist */ = {isa = PBXFileReference; lastKnownFileType = text.plist.xml; path = "HelloWorldScratchTests-Info.plist"; sourceTree = "<group>"; };
		BD38ECFD18F577DE00A05D78 /* en */ = {isa = PBXFileReference; lastKnownFileType = text.plist.strings; name = en; path = en.lproj/InfoPlist.strings; sourceTree = "<group>"; };
		BD38ECFF18F577DE00A05D78 /* HelloWorldScratchTests.m */ = {isa = PBXFileReference; lastKnownFileType = sourcecode.c.objc; path = HelloWorldScratchTests.m; sourceTree = "<group>"; };
/* End PBXFileReference section */

/* Begin PBXFrameworksBuildPhase section */
		BD38ECCF18F577DE00A05D78 /* Frameworks */ = {
			isa = PBXFrameworksBuildPhase;
			buildActionMask = 2147483647;
			files = (
				BD38ECD618F577DE00A05D78 /* Cocoa.framework in Frameworks */,
			);
			runOnlyForDeploymentPostprocessing = 0;
		};
		BD38ECF018F577DE00A05D78 /* Frameworks */ = {
			isa = PBXFrameworksBuildPhase;
			buildActionMask = 2147483647;
			files = (
				BD38ECF618F577DE00A05D78 /* Cocoa.framework in Frameworks */,
				BD38ECF518F577DE00A05D78 /* XCTest.framework in Frameworks */,
			);
			runOnlyForDeploymentPostprocessing = 0;
		};
/* End PBXFrameworksBuildPhase section */

/* Begin PBXGroup section */
		BD38ECC618F5733200A05D78 = {
			isa = PBXGroup;
			children = (
				BD38ECCD18F573DB00A05D78 /* main.m */,
				BD38ECDB18F577DE00A05D78 /* HelloWorldScratch */,
				BD38ECF918F577DE00A05D78 /* HelloWorldScratchTests */,
				BD38ECD418F577DE00A05D78 /* Frameworks */,
				BD38ECD318F577DE00A05D78 /* Products */,
			);
			sourceTree = "<group>";
		};
		BD38ECD318F577DE00A05D78 /* Products */ = {
			isa = PBXGroup;
			children = (
				BD38ECD218F577DE00A05D78 /* HelloWorldScratch.app */,
				BD38ECF318F577DE00A05D78 /* HelloWorldScratchTests.xctest */,
			);
			name = Products;
			sourceTree = "<group>";
		};
		BD38ECD418F577DE00A05D78 /* Frameworks */ = {
			isa = PBXGroup;
			children = (
				BD38ECD518F577DE00A05D78 /* Cocoa.framework */,
				BD38ECF418F577DE00A05D78 /* XCTest.framework */,
				BD38ECD718F577DE00A05D78 /* Other Frameworks */,
			);
			name = Frameworks;
			sourceTree = "<group>";
		};
		BD38ECD718F577DE00A05D78 /* Other Frameworks */ = {
			isa = PBXGroup;
			children = (
				BD38ECD818F577DE00A05D78 /* AppKit.framework */,
				BD38ECD918F577DE00A05D78 /* CoreData.framework */,
				BD38ECDA18F577DE00A05D78 /* Foundation.framework */,
			);
			name = "Other Frameworks";
			sourceTree = "<group>";
		};
		BD38ECDB18F577DE00A05D78 /* HelloWorldScratch */ = {
			isa = PBXGroup;
			children = (
				BD38ECE718F577DE00A05D78 /* NaukriAppDelegate.h */,
				BD38ECE818F577DE00A05D78 /* NaukriAppDelegate.m */,
				BD38ECEA18F577DE00A05D78 /* MainMenu.xib */,
				BD38ECED18F577DE00A05D78 /* Images.xcassets */,
				BD38ECDC18F577DE00A05D78 /* Supporting Files */,
			);
			path = HelloWorldScratch;
			sourceTree = "<group>";
		};
		BD38ECDC18F577DE00A05D78 /* Supporting Files */ = {
			isa = PBXGroup;
			children = (
				BD38ECDD18F577DE00A05D78 /* HelloWorldScratch-Info.plist */,
				BD38ECDE18F577DE00A05D78 /* InfoPlist.strings */,
				BD38ECE118F577DE00A05D78 /* main.m */,
				BD38ECE318F577DE00A05D78 /* HelloWorldScratch-Prefix.pch */,
				BD38ECE418F577DE00A05D78 /* Credits.rtf */,
			);
			name = "Supporting Files";
			sourceTree = "<group>";
		};
		BD38ECF918F577DE00A05D78 /* HelloWorldScratchTests */ = {
			isa = PBXGroup;
			children = (
				BD38ECFF18F577DE00A05D78 /* HelloWorldScratchTests.m */,
				BD38ECFA18F577DE00A05D78 /* Supporting Files */,
			);
			path = HelloWorldScratchTests;
			sourceTree = "<group>";
		};
		BD38ECFA18F577DE00A05D78 /* Supporting Files */ = {
			isa = PBXGroup;
			children = (
				BD38ECFB18F577DE00A05D78 /* HelloWorldScratchTests-Info.plist */,
				BD38ECFC18F577DE00A05D78 /* InfoPlist.strings */,
			);
			name = "Supporting Files";
			sourceTree = "<group>";
		};
/* End PBXGroup section */

/* Begin PBXNativeTarget section */
		BD38ECD118F577DE00A05D78 /* HelloWorldScratch */ = {
			isa = PBXNativeTarget;
			buildConfigurationList = BD38ED0118F577DE00A05D78 /* Build configuration list for PBXNativeTarget "HelloWorldScratch" */;
			buildPhases = (
				BD38ECCE18F577DE00A05D78 /* Sources */,
				BD38ECCF18F577DE00A05D78 /* Frameworks */,
				BD38ECD018F577DE00A05D78 /* Resources */,
			);
			buildRules = (
			);
			dependencies = (
			);
			name = HelloWorldScratch;
			productName = HelloWorldScratch;
			productReference = BD38ECD218F577DE00A05D78 /* HelloWorldScratch.app */;
			productType = "com.apple.product-type.application";
		};
		BD38ECF218F577DE00A05D78 /* HelloWorldScratchTests */ = {
			isa = PBXNativeTarget;
			buildConfigurationList = BD38ED0418F577DE00A05D78 /* Build configuration list for PBXNativeTarget "HelloWorldScratchTests" */;
			buildPhases = (
				BD38ECEF18F577DE00A05D78 /* Sources */,
				BD38ECF018F577DE00A05D78 /* Frameworks */,
				BD38ECF118F577DE00A05D78 /* Resources */,
			);
			buildRules = (
			);
			dependencies = (
				BD38ECF818F577DE00A05D78 /* PBXTargetDependency */,
			);
			name = HelloWorldScratchTests;
			productName = HelloWorldScratchTests;
			productReference = BD38ECF318F577DE00A05D78 /* HelloWorldScratchTests.xctest */;
			productType = "com.apple.product-type.bundle.unit-test";
		};
/* End PBXNativeTarget section */

/* Begin PBXProject section */
		BD38ECC718F5733200A05D78 /* Project object */ = {
			isa = PBXProject;
			attributes = {
				LastUpgradeCheck = 0510;
				TargetAttributes = {
					BD38ECF218F577DE00A05D78 = {
						TestTargetID = BD38ECD118F577DE00A05D78;
					};
				};
			};
			buildConfigurationList = BD38ECCA18F5733200A05D78 /* Build configuration list for PBXProject "HelloWorldScratch" */;
			compatibilityVersion = "Xcode 3.2";
			developmentRegion = English;
			hasScannedForEncodings = 0;
			knownRegions = (
				en,
				Base,
			);
			mainGroup = BD38ECC618F5733200A05D78;
			productRefGroup = BD38ECD318F577DE00A05D78 /* Products */;
			projectDirPath = "";
			projectRoot = "";
			targets = (
				BD38ECD118F577DE00A05D78 /* HelloWorldScratch */,
				BD38ECF218F577DE00A05D78 /* HelloWorldScratchTests */,
			);
		};
/* End PBXProject section */

/* Begin PBXResourcesBuildPhase section */
		BD38ECD018F577DE00A05D78 /* Resources */ = {
			isa = PBXResourcesBuildPhase;
			buildActionMask = 2147483647;
			files = (
				BD38ECE018F577DE00A05D78 /* InfoPlist.strings in Resources */,
				BD38ECEE18F577DE00A05D78 /* Images.xcassets in Resources */,
				BD38ECE618F577DE00A05D78 /* Credits.rtf in Resources */,
				BD38ECEC18F577DE00A05D78 /* MainMenu.xib in Resources */,
			);
			runOnlyForDeploymentPostprocessing = 0;
		};
		BD38ECF118F577DE00A05D78 /* Resources */ = {
			isa = PBXResourcesBuildPhase;
			buildActionMask = 2147483647;
			files = (
				BD38ECFE18F577DE00A05D78 /* InfoPlist.strings in Resources */,
			);
			runOnlyForDeploymentPostprocessing = 0;
		};
/* End PBXResourcesBuildPhase section */

/* Begin PBXSourcesBuildPhase section */
		BD38ECCE18F577DE00A05D78 /* Sources */ = {
			isa = PBXSourcesBuildPhase;
			buildActionMask = 2147483647;
			files = (
				BD38ECE918F577DE00A05D78 /* NaukriAppDelegate.m in Sources */,
				BD38ECE218F577DE00A05D78 /* main.m in Sources */,
			);
			runOnlyForDeploymentPostprocessing = 0;
		};
		BD38ECEF18F577DE00A05D78 /* Sources */ = {
			isa = PBXSourcesBuildPhase;
			buildActionMask = 2147483647;
			files = (
				BD38ED0018F577DE00A05D78 /* HelloWorldScratchTests.m in Sources */,
			);
			runOnlyForDeploymentPostprocessing = 0;
		};
/* End PBXSourcesBuildPhase section */

/* Begin PBXTargetDependency section */
		BD38ECF818F577DE00A05D78 /* PBXTargetDependency */ = {
			isa = PBXTargetDependency;
			target = BD38ECD118F577DE00A05D78 /* HelloWorldScratch */;
			targetProxy = BD38ECF718F577DE00A05D78 /* PBXContainerItemProxy */;
		};
/* End PBXTargetDependency section */

/* Begin PBXVariantGroup section */
		BD38ECDE18F577DE00A05D78 /* InfoPlist.strings */ = {
			isa = PBXVariantGroup;
			children = (
				BD38ECDF18F577DE00A05D78 /* en */,
			);
			name = InfoPlist.strings;
			sourceTree = "<group>";
		};
		BD38ECE418F577DE00A05D78 /* Credits.rtf */ = {
			isa = PBXVariantGroup;
			children = (
				BD38ECE518F577DE00A05D78 /* en */,
			);
			name = Credits.rtf;
			sourceTree = "<group>";
		};
		BD38ECEA18F577DE00A05D78 /* MainMenu.xib */ = {
			isa = PBXVariantGroup;
			children = (
				BD38ECEB18F577DE00A05D78 /* Base */,
			);
			name = MainMenu.xib;
			sourceTree = "<group>";
		};
		BD38ECFC18F577DE00A05D78 /* InfoPlist.strings */ = {
			isa = PBXVariantGroup;
			children = (
				BD38ECFD18F577DE00A05D78 /* en */,
			);
			name = InfoPlist.strings;
			sourceTree = "<group>";
		};
/* End PBXVariantGroup section */

/* Begin XCBuildConfiguration section */
		BD38ECCB18F5733200A05D78 /* Debug */ = {
			isa = XCBuildConfiguration;
			buildSettings = {
			};
			name = Debug;
		};
		BD38ECCC18F5733200A05D78 /* Release */ = {
			isa = XCBuildConfiguration;
			buildSettings = {
			};
			name = Release;
		};
		BD38ED0218F577DE00A05D78 /* Debug */ = {
			isa = XCBuildConfiguration;
			buildSettings = {
				ALWAYS_SEARCH_USER_PATHS = NO;
				ASSETCATALOG_COMPILER_APPICON_NAME = AppIcon;
				CLANG_CXX_LANGUAGE_STANDARD = "gnu++0x";
				CLANG_CXX_LIBRARY = "libc++";
				CLANG_ENABLE_MODULES = YES;
				CLANG_ENABLE_OBJC_ARC = YES;
				CLANG_WARN_BOOL_CONVERSION = YES;
				CLANG_WARN_CONSTANT_CONVERSION = YES;
				CLANG_WARN_DIRECT_OBJC_ISA_USAGE = YES_ERROR;
				CLANG_WARN_EMPTY_BODY = YES;
				CLANG_WARN_ENUM_CONVERSION = YES;
				CLANG_WARN_INT_CONVERSION = YES;
				CLANG_WARN_OBJC_ROOT_CLASS = YES_ERROR;
				CLANG_WARN__DUPLICATE_METHOD_MATCH = YES;
				COMBINE_HIDPI_IMAGES = YES;
				COPY_PHASE_STRIP = NO;
				GCC_C_LANGUAGE_STANDARD = gnu99;
				GCC_DYNAMIC_NO_PIC = NO;
				GCC_ENABLE_OBJC_EXCEPTIONS = YES;
				GCC_OPTIMIZATION_LEVEL = 0;
				GCC_PRECOMPILE_PREFIX_HEADER = YES;
				GCC_PREFIX_HEADER = "HelloWorldScratch/HelloWorldScratch-Prefix.pch";
				GCC_PREPROCESSOR_DEFINITIONS = (
					"DEBUG=1",
					"$(inherited)",
				);
				GCC_SYMBOLS_PRIVATE_EXTERN = NO;
				GCC_WARN_64_TO_32_BIT_CONVERSION = YES;
				GCC_WARN_ABOUT_RETURN_TYPE = YES_ERROR;
				GCC_WARN_UNDECLARED_SELECTOR = YES;
				GCC_WARN_UNINITIALIZED_AUTOS = YES_AGGRESSIVE;
				GCC_WARN_UNUSED_FUNCTION = YES;
				GCC_WARN_UNUSED_VARIABLE = YES;
				INFOPLIST_FILE = "HelloWorldScratch/HelloWorldScratch-Info.plist";
				MACOSX_DEPLOYMENT_TARGET = 10.9;
				ONLY_ACTIVE_ARCH = YES;
				PRODUCT_NAME = "$(TARGET_NAME)";
				SDKROOT = macosx;
				WRAPPER_EXTENSION = app;
			};
			name = Debug;
		};
		BD38ED0318F577DE00A05D78 /* Release */ = {
			isa = XCBuildConfiguration;
			buildSettings = {
				ALWAYS_SEARCH_USER_PATHS = NO;
				ASSETCATALOG_COMPILER_APPICON_NAME = AppIcon;
				CLANG_CXX_LANGUAGE_STANDARD = "gnu++0x";
				CLANG_CXX_LIBRARY = "libc++";
				CLANG_ENABLE_MODULES = YES;
				CLANG_ENABLE_OBJC_ARC = YES;
				CLANG_WARN_BOOL_CONVERSION = YES;
				CLANG_WARN_CONSTANT_CONVERSION = YES;
				CLANG_WARN_DIRECT_OBJC_ISA_USAGE = YES_ERROR;
				CLANG_WARN_EMPTY_BODY = YES;
				CLANG_WARN_ENUM_CONVERSION = YES;
				CLANG_WARN_INT_CONVERSION = YES;
				CLANG_WARN_OBJC_ROOT_CLASS = YES_ERROR;
				CLANG_WARN__DUPLICATE_METHOD_MATCH = YES;
				COMBINE_HIDPI_IMAGES = YES;
				COPY_PHASE_STRIP = YES;
				DEBUG_INFORMATION_FORMAT = "dwarf-with-dsym";
				ENABLE_NS_ASSERTIONS = NO;
				GCC_C_LANGUAGE_STANDARD = gnu99;
				GCC_ENABLE_OBJC_EXCEPTIONS = YES;
				GCC_PRECOMPILE_PREFIX_HEADER = YES;
				GCC_PREFIX_HEADER = "HelloWorldScratch/HelloWorldScratch-Prefix.pch";
				GCC_WARN_64_TO_32_BIT_CONVERSION = YES;
				GCC_WARN_ABOUT_RETURN_TYPE = YES_ERROR;
				GCC_WARN_UNDECLARED_SELECTOR = YES;
				GCC_WARN_UNINITIALIZED_AUTOS = YES_AGGRESSIVE;
				GCC_WARN_UNUSED_FUNCTION = YES;
				GCC_WARN_UNUSED_VARIABLE = YES;
				INFOPLIST_FILE = "HelloWorldScratch/HelloWorldScratch-Info.plist";
				MACOSX_DEPLOYMENT_TARGET = 10.9;
				PRODUCT_NAME = "$(TARGET_NAME)";
				SDKROOT = macosx;
				WRAPPER_EXTENSION = app;
			};
			name = Release;
		};
		BD38ED0518F577DE00A05D78 /* Debug */ = {
			isa = XCBuildConfiguration;
			buildSettings = {
				ALWAYS_SEARCH_USER_PATHS = NO;
				BUNDLE_LOADER = "$(BUILT_PRODUCTS_DIR)/HelloWorldScratch.app/Contents/MacOS/HelloWorldScratch";
				CLANG_CXX_LANGUAGE_STANDARD = "gnu++0x";
				CLANG_CXX_LIBRARY = "libc++";
				CLANG_ENABLE_MODULES = YES;
				CLANG_ENABLE_OBJC_ARC = YES;
				CLANG_WARN_BOOL_CONVERSION = YES;
				CLANG_WARN_CONSTANT_CONVERSION = YES;
				CLANG_WARN_DIRECT_OBJC_ISA_USAGE = YES_ERROR;
				CLANG_WARN_EMPTY_BODY = YES;
				CLANG_WARN_ENUM_CONVERSION = YES;
				CLANG_WARN_INT_CONVERSION = YES;
				CLANG_WARN_OBJC_ROOT_CLASS = YES_ERROR;
				CLANG_WARN__DUPLICATE_METHOD_MATCH = YES;
				COMBINE_HIDPI_IMAGES = YES;
				COPY_PHASE_STRIP = NO;
				FRAMEWORK_SEARCH_PATHS = (
					"$(DEVELOPER_FRAMEWORKS_DIR)",
					"$(inherited)",
				);
				GCC_C_LANGUAGE_STANDARD = gnu99;
				GCC_DYNAMIC_NO_PIC = NO;
				GCC_ENABLE_OBJC_EXCEPTIONS = YES;
				GCC_OPTIMIZATION_LEVEL = 0;
				GCC_PRECOMPILE_PREFIX_HEADER = YES;
				GCC_PREFIX_HEADER = "HelloWorldScratch/HelloWorldScratch-Prefix.pch";
				GCC_PREPROCESSOR_DEFINITIONS = (
					"DEBUG=1",
					"$(inherited)",
				);
				GCC_SYMBOLS_PRIVATE_EXTERN = NO;
				GCC_WARN_64_TO_32_BIT_CONVERSION = YES;
				GCC_WARN_ABOUT_RETURN_TYPE = YES_ERROR;
				GCC_WARN_UNDECLARED_SELECTOR = YES;
				GCC_WARN_UNINITIALIZED_AUTOS = YES_AGGRESSIVE;
				GCC_WARN_UNUSED_FUNCTION = YES;
				GCC_WARN_UNUSED_VARIABLE = YES;
				INFOPLIST_FILE = "HelloWorldScratchTests/HelloWorldScratchTests-Info.plist";
				MACOSX_DEPLOYMENT_TARGET = 10.9;
				ONLY_ACTIVE_ARCH = YES;
				PRODUCT_NAME = "$(TARGET_NAME)";
				SDKROOT = macosx;
				TEST_HOST = "$(BUNDLE_LOADER)";
				WRAPPER_EXTENSION = xctest;
			};
			name = Debug;
		};
		BD38ED0618F577DE00A05D78 /* Release */ = {
			isa = XCBuildConfiguration;
			buildSettings = {
				ALWAYS_SEARCH_USER_PATHS = NO;
				BUNDLE_LOADER = "$(BUILT_PRODUCTS_DIR)/HelloWorldScratch.app/Contents/MacOS/HelloWorldScratch";
				CLANG_CXX_LANGUAGE_STANDARD = "gnu++0x";
				CLANG_CXX_LIBRARY = "libc++";
				CLANG_ENABLE_MODULES = YES;
				CLANG_ENABLE_OBJC_ARC = YES;
				CLANG_WARN_BOOL_CONVERSION = YES;
				CLANG_WARN_CONSTANT_CONVERSION = YES;
				CLANG_WARN_DIRECT_OBJC_ISA_USAGE = YES_ERROR;
				CLANG_WARN_EMPTY_BODY = YES;
				CLANG_WARN_ENUM_CONVERSION = YES;
				CLANG_WARN_INT_CONVERSION = YES;
				CLANG_WARN_OBJC_ROOT_CLASS = YES_ERROR;
				CLANG_WARN__DUPLICATE_METHOD_MATCH = YES;
				COMBINE_HIDPI_IMAGES = YES;
				COPY_PHASE_STRIP = YES;
				DEBUG_INFORMATION_FORMAT = "dwarf-with-dsym";
				ENABLE_NS_ASSERTIONS = NO;
				FRAMEWORK_SEARCH_PATHS = (
					"$(DEVELOPER_FRAMEWORKS_DIR)",
					"$(inherited)",
				);
				GCC_C_LANGUAGE_STANDARD = gnu99;
				GCC_ENABLE_OBJC_EXCEPTIONS = YES;
				GCC_PRECOMPILE_PREFIX_HEADER = YES;
				GCC_PREFIX_HEADER = "HelloWorldScratch/HelloWorldScratch-Prefix.pch";
				GCC_WARN_64_TO_32_BIT_CONVERSION = YES;
				GCC_WARN_ABOUT_RETURN_TYPE = YES_ERROR;
				GCC_WARN_UNDECLARED_SELECTOR = YES;
				GCC_WARN_UNINITIALIZED_AUTOS = YES_AGGRESSIVE;
				GCC_WARN_UNUSED_FUNCTION = YES;
				GCC_WARN_UNUSED_VARIABLE = YES;
				INFOPLIST_FILE = "HelloWorldScratchTests/HelloWorldScratchTests-Info.plist";
				MACOSX_DEPLOYMENT_TARGET = 10.9;
				PRODUCT_NAME = "$(TARGET_NAME)";
				SDKROOT = macosx;
				TEST_HOST = "$(BUNDLE_LOADER)";
				WRAPPER_EXTENSION = xctest;
			};
			name = Release;
		};
/* End XCBuildConfiguration section */

/* Begin XCConfigurationList section */
		BD38ECCA18F5733200A05D78 /* Build configuration list for PBXProject "HelloWorldScratch" */ = {
			isa = XCConfigurationList;
			buildConfigurations = (
				BD38ECCB18F5733200A05D78 /* Debug */,
				BD38ECCC18F5733200A05D78 /* Release */,
			);
			defaultConfigurationIsVisible = 0;
			defaultConfigurationName = Release;
		};
		BD38ED0118F577DE00A05D78 /* Build configuration list for PBXNativeTarget "HelloWorldScratch" */ = {
			isa = XCConfigurationList;
			buildConfigurations = (
				BD38ED0218F577DE00A05D78 /* Debug */,
				BD38ED0318F577DE00A05D78 /* Release */,
			);
			defaultConfigurationIsVisible = 0;
		};
		BD38ED0418F577DE00A05D78 /* Build configuration list for PBXNativeTarget "HelloWorldScratchTests" */ = {
			isa = XCConfigurationList;
			buildConfigurations = (
				BD38ED0518F577DE00A05D78 /* Debug */,
				BD38ED0618F577DE00A05D78 /* Release */,
			);
			defaultConfigurationIsVisible = 0;
		};
/* End XCConfigurationList section */
	};
	rootObject = BD38ECC718F5733200A05D78 /* Project object */;
}
